
Microsoft Visual Studio Solution File, Format Version 12.00
# Visual Studio Version 17
VisualStudioVersion = 17.3.32901.215
MinimumVisualStudioVersion = 10.0.40219.1
Project("{FAE04EC0-301F-11D3-BF4B-00C04F79EFBC}") = "ONNX detect", "ONNX detect\ONNX detect.csproj", "{A925A728-D2FB-41A1-8BAC-5B73ABEF6747}"
EndProject
Global
	GlobalSection(SolutionConfigurationPlatforms) = preSolution
		Debug|Any CPU = Debug|Any CPU
		Release|Any CPU = Release|Any CPU
	EndGlobalSection
	GlobalSection(ProjectConfigurationPlatforms) = postSolution
		{A925A728-D2FB-41A1-8BAC-5B73ABEF6747}.Debug|Any CPU.ActiveCfg = Debug|Any CPU
		{A925A728-D2FB-41A1-8BAC-5B73ABEF6747}.Debug|Any CPU.Build.0 = Debug|Any CPU
		{A925A728-D2FB-41A1-8BAC-5B73ABEF6747}.Release|Any CPU.ActiveCfg = Release|Any CPU
		{A925A728-D2FB-41A1-8BAC-5B73ABEF6747}.Release|Any CPU.Build.0 = Release|Any CPU
	EndGlobalSection
	GlobalSection(SolutionProperties) = preSolution
		HideSolutionNode = FALSE
	EndGlobalSection
	GlobalSection(ExtensibilityGlobals) = postSolution
		SolutionGuid = {DA650FDE-19B4-4236-886C-01AE4EF18D44}
	EndGlobalSection
EndGlobal
